
Microsoft Visual Studio Solution File, Format Version 12.00
# Visual Studio Version 17
VisualStudioVersion = 17.7.34024.191
MinimumVisualStudioVersion = 10.0.40219.1
Project("{FAE04EC0-301F-11D3-BF4B-00C04F79EFBC}") = "VejlederMatrix", "VejlederMatrix.csproj", "{515D2BE7-FA83-4489-9200-5CD7596B1012}"
EndProject
Global
	GlobalSection(SolutionConfigurationPlatforms) = preSolution
		Debug|Any CPU = Debug|Any CPU
		Release|Any CPU = Release|Any CPU
	EndGlobalSection
	GlobalSection(ProjectConfigurationPlatforms) = postSolution
		{515D2BE7-FA83-4489-9200-5CD7596B1012}.Debug|Any CPU.ActiveCfg = Debug|Any CPU
		{515D2BE7-FA83-4489-9200-5CD7596B1012}.Debug|Any CPU.Build.0 = Debug|Any CPU
		{515D2BE7-FA83-4489-9200-5CD7596B1012}.Release|Any CPU.ActiveCfg = Release|Any CPU
		{515D2BE7-FA83-4489-9200-5CD7596B1012}.Release|Any CPU.Build.0 = Release|Any CPU
	EndGlobalSection
	GlobalSection(SolutionProperties) = preSolution
		HideSolutionNode = FALSE
	EndGlobalSection
	GlobalSection(ExtensibilityGlobals) = postSolution
		SolutionGuid = {C5495B9C-3C5B-416C-B1FE-00CD627D89DD}
	EndGlobalSection
EndGlobal
